
Microsoft Visual Studio Solution File, Format Version 12.00
# Visual Studio Version 17
VisualStudioVersion = 17.10.34928.147
MinimumVisualStudioVersion = 10.0.40219.1
Project("{FAE04EC0-301F-11D3-BF4B-00C04F79EFBC}") = "App_Iron", "App_Iron\App_Iron.csproj", "{32D40AC4-D5A4-4ADD-BAC1-0CAF96525D8A}"
EndProject
Global
	GlobalSection(SolutionConfigurationPlatforms) = preSolution
		Debug|Any CPU = Debug|Any CPU
		Release|Any CPU = Release|Any CPU
	EndGlobalSection
	GlobalSection(ProjectConfigurationPlatforms) = postSolution
		{32D40AC4-D5A4-4ADD-BAC1-0CAF96525D8A}.Debug|Any CPU.ActiveCfg = Debug|Any CPU
		{32D40AC4-D5A4-4ADD-BAC1-0CAF96525D8A}.Debug|Any CPU.Build.0 = Debug|Any CPU
		{32D40AC4-D5A4-4ADD-BAC1-0CAF96525D8A}.Release|Any CPU.ActiveCfg = Release|Any CPU
		{32D40AC4-D5A4-4ADD-BAC1-0CAF96525D8A}.Release|Any CPU.Build.0 = Release|Any CPU
	EndGlobalSection
	GlobalSection(SolutionProperties) = preSolution
		HideSolutionNode = FALSE
	EndGlobalSection
	GlobalSection(ExtensibilityGlobals) = postSolution
		SolutionGuid = {E8D99797-013C-44D0-B22D-1E47849E0AB4}
	EndGlobalSection
EndGlobal
